{
    "_meta": {
        "hash": {
            "sha256": "eb0e10631448a0f79c20d7fe068c0f3cac9132ab4e45dc9f643adb4c29b591dc"
        },
        "pipfile-spec": 6,
        "requires": {
            "python_version": "3.8"
        },
        "sources": [
            {
                "name": "pypi",
                "url": "https://pypi.org/simple",
                "verify_ssl": true
            }
        ]
    },
    "default": {
        "async-timeout": {
            "hashes": [
                "sha256:4640d96be84d82d02ed59ea2b7105a0f7b33abe8703703cd0ab0bf87c427522f",
                "sha256:7405140ff1230c310e51dc27b3145b9092d659ce68ff733fb0cefe3ee42be028"
            ],
            "markers": "python_full_version <= '3.11.2'",
            "version": "==4.0.3"
        },
        "fakeredis": {
            "extras": [
                "lua"
            ],
            "hashes": [
                "sha256:69987928d719d1ae1665ae8ebb16199d22a5ebae0b7d0d0d6586fc3a1a67428c",
                "sha256:c9baf3c7fd2ebf40db50db4c642c7c76b712b1eed25d91efcc175bba9bc40ca3"
            ],
            "index": "pypi",
            "markers": "python_version >= '3.7' and python_version < '4.0'",
            "version": "==2.20.0"
        },
        "lupa": {
            "hashes": [
                "sha256:0068d75f0df5f2fb85230b1df7a05305645ee28ef89551997eb09009c70d7f8a",
                "sha256:019e10a56c50ba60e94ff8c3e60a9a239d6438f1dc6ac17bcf2d44d4ada8f171",
                "sha256:02a0e45ada08e5694ab3f3c06523ec16322dfb875668ce9ff3e04a01d3e18e81",
                "sha256:02ed2848a33dfe43013c5a86d2c155a9669d3c438a847a4e3816b7f1bf17cec6",
                "sha256:033a14fe291ef532db11c3f3b65b364b5b3b3d3b6146aa7f7412f8f4d89471ce",
                "sha256:0432ec532513eaf5ae8961000baf56d550fed4a7b91c0a9759b6f17c1dafc8af",
                "sha256:06792b86f9410bd26936728e7f903e2eee76642cbf51e435622637a3d752a2ea",
                "sha256:0e66da3bc40cde8edeb4d7d8141afad67ec6a5da0ee07ce5265df7e899e0883c",
                "sha256:17fd814523b9fa268df8f0995874218a9be008dbcd1c1c7bd28207814a209491",
                "sha256:1be2e1015d8481511852ae0f9f05f3722715d7aadb48207480eb50edc45a7510",
                "sha256:200544d259a054c5d0c6696499d0c66ccd924d42efb41b09b19c2af9771f5c31",
                "sha256:201fc894d257132e90e42ce9396c5b45aa5f5bdc4cd4dfc8076c8476f04dd44b",
                "sha256:282126096ba71c1926f28da59cd1cf6913b7e9e7020d577b42dc52ca3c359e93",
                "sha256:29c46d79273a72c010a2949d41336bbb5ebafd09e2c2a4342d2f2f4238d378c8",
                "sha256:2a3dbf85baf66f0a8b862293c3cd61430d2d379652e3db3e5f979b16db7e374b",
                "sha256:2c11eafd262ff47ccb0bf9c28126dde21d3d01205cf6f5b5c2c4dbf04b99f5e9",
                "sha256:2d02d4af2682169b8aa744e7eae59d1e05f9b0071a59fb140852dae9b5c8d86c",
                "sha256:32d1e7cdced4e29771dacfed68abc92da9ba2300a2929ec5782467316ea4a715",
                "sha256:345032ef77bd474d288ea2c4ddd14b552b93d60a40a9b0daf0a82bc078625982",
                "sha256:3b3e02b920b61601e2d9713b1e197d8cbab0bd3709774ec6823357cd83ee7b9d",
                "sha256:3c953b9430751e792b721dd2265af1759251cdac0ade5642f25e16a6174bcc58",
                "sha256:3d34870912bf7501d2a9e7dc75319e55f836fd8412b783afa44c5bfb72be0867",
                "sha256:404bda126a34eef839e29fc94fd65c1092b53301b2d0abc9388f02cc5ba87ac9",
                "sha256:43353ae1e204b1f7fb18150f7dc5357592be37431e84f799c6cf21a4b7a52dcc",
                "sha256:4649a5501f0d8e5c96c297896377e9f73d0167df139109536187c57c60be1e90",
                "sha256:46b77e4a545d5ba00d17432853b26b50299129047d4f999c007fb9b6db3cfdd6",
                "sha256:47d3eb18511e83068a8ce476a9f7ad8642a35189e682f5a1053970ec9d98272a",
                "sha256:4c776290a06b03e8dd5ca061d9fefde13be37fb25700c56bb513343262ea1729",
                "sha256:4e00664780836b353113804f8e0f860322abf5ef723d615ba6f49d9e78874944",
                "sha256:50c529e5ecf3ec5b3e57efbb9a5def5125ceb7b95f12e2c89c34535856abb1ac",
                "sha256:5396ebb51753a8243a18080e2efa9f085bac5d43185d5a1dd9a3679ff7fb09c5",
                "sha256:5c249d83655942ebe7db99c4e981de547867a7d30ace34e61f3ccc5b7a14402c",
                "sha256:5e980571081c93152bb04de07bbde6852462e1674349eb3eafe703f5fa81a836",
                "sha256:65d5971eb8c060eb3c9218c25181001e25982dfdf88e0b284447f837a4318a5f",
                "sha256:682860cd6ed84e0ffdaf84c82c21b192858261964b3ed126bc54d52cc8a480b4",
                "sha256:690c0654b92c6de0893c004d0a46d5d5b5fd76e9017dda328a2435afdf3c55a0",
                "sha256:6e9ece8e7e4399473e1f9a4733445d93148c3205e1b87c158894287f3213bf6b",
                "sha256:71e517327bff75cc5e60fe105da7da6621a75ba05a5050869e33b4bdbe838288",
                "sha256:7563c4a015f51eb36d92874c0448bb8df504041d894e61e6c9cb9e6613132470",
                "sha256:769d7747056380ca4fb7923b7031b5732c1b9b9d0d160324cc88a32d7c98127c",
                "sha256:7762c6780fe7ab64d64f8658ab54d79cb5d3d0fbdcc76290f5fc19b41fc01ad5",
                "sha256:793bddad1a36eb7c8c04775867942cf2adfe09d482311791022c4ab4802169b4",
                "sha256:7c10d4f0fa592b798a71c0b2e273e4b899a14b3634a48cbc444917b254ddce37",
                "sha256:7caa1ce59fe1cefd845093d1354244c59d286fcc1196a15297fb189a5bb749c6",
                "sha256:8214a8b0fb1277e026301f60101af323c93868eefcad69984e7285bea5c1ac3f",
                "sha256:88495333e79937cdf7edac35ec36aca41d50134dbb23f2f1684a1685a4295433",
                "sha256:8f3e6ea86053ec0c9945ae313fba8ba06dc4ccc397369709bba956dd48db95a7",
                "sha256:90788d250f727720747784e67fbc50917f5ce051e24bc49661850f98b1b9ed42",
                "sha256:974de113c63e35668fbbbff656fef718e586abed3fc875eae4fece279a1e8a11",
                "sha256:9a5843fbfb22b70ea13ec624d43c818b396ff1f62d9bd84f9ed10e3fef06ccf0",
                "sha256:9add3d9ba86fa2fb5604e429ca811b9fa6b4c55fe5330bd9f0fcf51f2c5bebf8",
                "sha256:9b7c9799a45e6fff8c38395d370b318b8ce6841710c2082f180ea7d189f7d229",
                "sha256:9c7ec361e05d932c5355825982613077ac8cb5b63d95022d571290d8ca667188",
                "sha256:9fa9d5013a06aa09392f1d02d9724a9856f4f4111794ca9be17a016c83c6546a",
                "sha256:a6847c2541f9cbdd596df821a575222f471175cd710fb967ffc51801dae58d68",
                "sha256:a91eacc06ac89a2134c6b0f35ac65c45e18c984baf24b03d0f5187071074a597",
                "sha256:a97e647ac11ca5131a73628ee063233378c03100f0f408c77f9b45cb358619ab",
                "sha256:ab2ca1c51724b779a2531d2bef1480faae203c8917b9cc3d0a3d3acb37c1d7ad",
                "sha256:ad3fef486be7adddd349fe9a9c393789061312cf98ebc533b489be34f484cb79",
                "sha256:b0d5481e3af166d73da373ffda0eab1bd709b0177daa2616ce95816483942c21",
                "sha256:b3f6837c1e2fd7c66100828953063dfe8a1d283bc48e1144d621b35bf19ce79f",
                "sha256:becb01602dc6d5439101e1ac5877b25e35817b1bd131b9af709a5a181e6b8026",
                "sha256:c0be42065ad39219eaf890c224cc7cc140ed72691b97b0905dd7a89abebdf474",
                "sha256:c19482a595deed90e5b8542df1ed861e2a4a9d99bd8a9ff108e3a7c66bc7c6c0",
                "sha256:d225e06748aca078a02529054c6678ba3e5b7cc2080b5be30e33ede9eac5efb2",
                "sha256:d412925a73b6b848fd1076fbc392d445ff4a1ab5b5bb278e358f78768677c963",
                "sha256:d85c20691dbd2db5b7c60f40e4a5ced6a35be60264a81dc08804483917b41ea9",
                "sha256:dd9af8e86b3c811ce74f11a12f275c873bd38f40de6ce76b7ddc3664e113a98e",
                "sha256:dea916b28ee38c904ece3a26986b6943a073666c038ae6b6d6d131668da20f59",
                "sha256:e051969dc712d7050d0f3d6c6c8ed063941a004381e84f072815350476118f81",
                "sha256:e361efe6c8a667fa221d42b7fa2beb7fada86e901a0f0e1e17c7c7927d66b2ff",
                "sha256:eece0bc316c2b050e8c3596320e124c8ccea2a7872e593193d30eecab7f0acf6",
                "sha256:f04c7a8d4e5b50a570681b990ff3be09bce5efbd91a521442c0ebfc36e0ce422",
                "sha256:f3f962a499f95b3a5e90de36ac396cdb59c0c46b8003fbfcc1e2d78d7edc14f8",
                "sha256:f50a395dc3c950974ac73b2476136785c6995f611a81e14d2a7c6aa59b342abf",
                "sha256:f576699ca59f3f76127d70210a0ba20e7def93ab1a7e3587d55dd4b770775788",
                "sha256:f7c1cfa9dac4f1363d9620384f9881a1ec968ff825be1e9b2ecdb4cb5375fbf2",
                "sha256:f8368f0d5131f47da60f7cea4a5932418ca0bcd12c22fcf700f36af93fdf2a6a",
                "sha256:fb4426cddefb48683068e94ed4748710507bbd3f0a4d71574535443c75a16e36",
                "sha256:fb5efacbb5dd568d44f4f31a4764a52eefb78288f0445da016652fe7143cdde3",
                "sha256:fcedc43012527edb4ca2b97a6c8176dd2384a006e47549d4e73143f7982deaff"
            ],
            "version": "==2.0"
        },
        "redis": {
            "hashes": [
                "sha256:0dab495cd5753069d3bc650a0dde8a8f9edde16fc5691b689a566eda58100d0f",
                "sha256:ed4802971884ae19d640775ba3b03aa2e7bd5e8fb8dfaed2decce4d0fc48391f"
            ],
            "index": "pypi",
            "version": "==5.0.1"
        },
        "sortedcontainers": {
            "hashes": [
                "sha256:25caa5a06cc30b6b83d11423433f65d1f9d76c4c6a0c90e3379eaa43b9bfdb88",
                "sha256:a163dcaede0f1c021485e957a39245190e74249897e2ae4b2aa38595db237ee0"
            ],
            "version": "==2.4.0"
        }
    },
    "develop": {
        "attrs": {
            "hashes": [
                "sha256:1f28b4522cdc2fb4256ac1a020c78acf9cba2c6b461ccd2c126f3aa8e8335d04",
                "sha256:6279836d581513a26f1bf235f9acd333bc9115683f14f7e8fae46c98fc50e015"
            ],
            "markers": "python_version >= '3.7'",
            "version": "==23.1.0"
        },
        "certifi": {
            "hashes": [
                "sha256:9b469f3a900bf28dc19b8cfbf8019bf47f7fdd1a65a1d4ffb98fc14166beb4d1",
                "sha256:e036ab49d5b79556f99cfc2d9320b34cfbe5be05c5871b51de9329f0603b0474"
            ],
            "markers": "python_version >= '3.6'",
            "version": "==2023.11.17"
        },
        "charset-normalizer": {
            "hashes": [
                "sha256:06435b539f889b1f6f4ac1758871aae42dc3a8c0e24ac9e60c2384973ad73027",
                "sha256:06a81e93cd441c56a9b65d8e1d043daeb97a3d0856d177d5c90ba85acb3db087",
                "sha256:0a55554a2fa0d408816b3b5cedf0045f4b8e1a6065aec45849de2d6f3f8e9786",
                "sha256:0b2b64d2bb6d3fb9112bafa732def486049e63de9618b5843bcdd081d8144cd8",
                "sha256:10955842570876604d404661fbccbc9c7e684caf432c09c715ec38fbae45ae09",
                "sha256:122c7fa62b130ed55f8f285bfd56d5f4b4a5b503609d181f9ad85e55c89f4185",
                "sha256:1ceae2f17a9c33cb48e3263960dc5fc8005351ee19db217e9b1bb15d28c02574",
                "sha256:1d3193f4a680c64b4b6a9115943538edb896edc190f0b222e73761716519268e",
                "sha256:1f79682fbe303db92bc2b1136016a38a42e835d932bab5b3b1bfcfbf0640e519",
                "sha256:2127566c664442652f024c837091890cb1942c30937add288223dc895793f898",
                "sha256:22afcb9f253dac0696b5a4be4a1c0f8762f8239e21b99680099abd9b2b1b2269",
                "sha256:25baf083bf6f6b341f4121c2f3c548875ee6f5339300e08be3f2b2ba1721cdd3",
                "sha256:2e81c7b9c8979ce92ed306c249d46894776a909505d8f5a4ba55b14206e3222f",
                "sha256:3287761bc4ee9e33561a7e058c72ac0938c4f57fe49a09eae428fd88aafe7bb6",
                "sha256:34d1c8da1e78d2e001f363791c98a272bb734000fcef47a491c1e3b0505657a8",
                "sha256:37e55c8e51c236f95b033f6fb391d7d7970ba5fe7ff453dad675e88cf303377a",
                "sha256:3d47fa203a7bd9c5b6cee4736ee84ca03b8ef23193c0d1ca99b5089f72645c73",
                "sha256:3e4d1f6587322d2788836a99c69062fbb091331ec940e02d12d179c1d53e25fc",
                "sha256:42cb296636fcc8b0644486d15c12376cb9fa75443e00fb25de0b8602e64c1714",
                "sha256:45485e01ff4d3630ec0d9617310448a8702f70e9c01906b0d0118bdf9d124cf2",
                "sha256:4a78b2b446bd7c934f5dcedc588903fb2f5eec172f3d29e52a9096a43722adfc",
                "sha256:4ab2fe47fae9e0f9dee8c04187ce5d09f48eabe611be8259444906793ab7cbce",
                "sha256:4d0d1650369165a14e14e1e47b372cfcb31d6ab44e6e33cb2d4e57265290044d",
                "sha256:549a3a73da901d5bc3ce8d24e0600d1fa85524c10287f6004fbab87672bf3e1e",
                "sha256:55086ee1064215781fff39a1af09518bc9255b50d6333f2e4c74ca09fac6a8f6",
                "sha256:572c3763a264ba47b3cf708a44ce965d98555f618ca42c926a9c1616d8f34269",
                "sha256:573f6eac48f4769d667c4442081b1794f52919e7edada77495aaed9236d13a96",
                "sha256:5b4c145409bef602a690e7cfad0a15a55c13320ff7a3ad7ca59c13bb8ba4d45d",
                "sha256:6463effa3186ea09411d50efc7d85360b38d5f09b870c48e4600f63af490e56a",
                "sha256:65f6f63034100ead094b8744b3b97965785388f308a64cf8d7c34f2f2e5be0c4",
                "sha256:663946639d296df6a2bb2aa51b60a2454ca1cb29835324c640dafb5ff2131a77",
                "sha256:6897af51655e3691ff853668779c7bad41579facacf5fd7253b0133308cf000d",
                "sha256:68d1f8a9e9e37c1223b656399be5d6b448dea850bed7d0f87a8311f1ff3dabb0",
                "sha256:6ac7ffc7ad6d040517be39eb591cac5ff87416c2537df6ba3cba3bae290c0fed",
                "sha256:6b3251890fff30ee142c44144871185dbe13b11bab478a88887a639655be1068",
                "sha256:6c4caeef8fa63d06bd437cd4bdcf3ffefe6738fb1b25951440d80dc7df8c03ac",
                "sha256:6ef1d82a3af9d3eecdba2321dc1b3c238245d890843e040e41e470ffa64c3e25",
                "sha256:753f10e867343b4511128c6ed8c82f7bec3bd026875576dfd88483c5c73b2fd8",
                "sha256:7cd13a2e3ddeed6913a65e66e94b51d80a041145a026c27e6bb76c31a853c6ab",
                "sha256:7ed9e526742851e8d5cc9e6cf41427dfc6068d4f5a3bb03659444b4cabf6bc26",
                "sha256:7f04c839ed0b6b98b1a7501a002144b76c18fb1c1850c8b98d458ac269e26ed2",
                "sha256:802fe99cca7457642125a8a88a084cef28ff0cf9407060f7b93dca5aa25480db",
                "sha256:80402cd6ee291dcb72644d6eac93785fe2c8b9cb30893c1af5b8fdd753b9d40f",
                "sha256:8465322196c8b4d7ab6d1e049e4c5cb460d0394da4a27d23cc242fbf0034b6b5",
                "sha256:86216b5cee4b06df986d214f664305142d9c76df9b6512be2738aa72a2048f99",
                "sha256:87d1351268731db79e0f8e745d92493ee2841c974128ef629dc518b937d9194c",
                "sha256:8bdb58ff7ba23002a4c5808d608e4e6c687175724f54a5dade5fa8c67b604e4d",
                "sha256:8c622a5fe39a48f78944a87d4fb8a53ee07344641b0562c540d840748571b811",
                "sha256:8d756e44e94489e49571086ef83b2bb8ce311e730092d2c34ca8f7d925cb20aa",
                "sha256:8f4a014bc36d3c57402e2977dada34f9c12300af536839dc38c0beab8878f38a",
                "sha256:9063e24fdb1e498ab71cb7419e24622516c4a04476b17a2dab57e8baa30d6e03",
                "sha256:90d558489962fd4918143277a773316e56c72da56ec7aa3dc3dbbe20fdfed15b",
                "sha256:923c0c831b7cfcb071580d3f46c4baf50f174be571576556269530f4bbd79d04",
                "sha256:95f2a5796329323b8f0512e09dbb7a1860c46a39da62ecb2324f116fa8fdc85c",
                "sha256:96b02a3dc4381e5494fad39be677abcb5e6634bf7b4fa83a6dd3112607547001",
                "sha256:9f96df6923e21816da7e0ad3fd47dd8f94b2a5ce594e00677c0013018b813458",
                "sha256:a10af20b82360ab00827f916a6058451b723b4e65030c5a18577c8b2de5b3389",
                "sha256:a50aebfa173e157099939b17f18600f72f84eed3049e743b68ad15bd69b6bf99",
                "sha256:a981a536974bbc7a512cf44ed14938cf01030a99e9b3a06dd59578882f06f985",
                "sha256:a9a8e9031d613fd2009c182b69c7b2c1ef8239a0efb1df3f7c8da66d5dd3d537",
                "sha256:ae5f4161f18c61806f411a13b0310bea87f987c7d2ecdbdaad0e94eb2e404238",
                "sha256:aed38f6e4fb3f5d6bf81bfa990a07806be9d83cf7bacef998ab1a9bd660a581f",
                "sha256:b01b88d45a6fcb69667cd6d2f7a9aeb4bf53760d7fc536bf679ec94fe9f3ff3d",
                "sha256:b261ccdec7821281dade748d088bb6e9b69e6d15b30652b74cbbac25e280b796",
                "sha256:b2b0a0c0517616b6869869f8c581d4eb2dd83a4d79e0ebcb7d373ef9956aeb0a",
                "sha256:b4a23f61ce87adf89be746c8a8974fe1c823c891d8f86eb218bb957c924bb143",
                "sha256:bd8f7df7d12c2db9fab40bdd87a7c09b1530128315d047a086fa3ae3435cb3a8",
                "sha256:beb58fe5cdb101e3a055192ac291b7a21e3b7ef4f67fa1d74e331a7f2124341c",
                "sha256:c002b4ffc0be611f0d9da932eb0f704fe2602a9a949d1f738e4c34c75b0863d5",
                "sha256:c083af607d2515612056a31f0a8d9e0fcb5876b7bfc0abad3ecd275bc4ebc2d5",
                "sha256:c180f51afb394e165eafe4ac2936a14bee3eb10debc9d9e4db8958fe36afe711",
                "sha256:c235ebd9baae02f1b77bcea61bce332cb4331dc3617d254df3323aa01ab47bd4",
                "sha256:cd70574b12bb8a4d2aaa0094515df2463cb429d8536cfb6c7ce983246983e5a6",
                "sha256:d0eccceffcb53201b5bfebb52600a5fb483a20b61da9dbc885f8b103cbe7598c",
                "sha256:d965bba47ddeec8cd560687584e88cf699fd28f192ceb452d1d7ee807c5597b7",
                "sha256:db364eca23f876da6f9e16c9da0df51aa4f104a972735574842618b8c6d999d4",
                "sha256:ddbb2551d7e0102e7252db79ba445cdab71b26640817ab1e3e3648dad515003b",
                "sha256:deb6be0ac38ece9ba87dea880e438f25ca3eddfac8b002a2ec3d9183a454e8ae",
                "sha256:e06ed3eb3218bc64786f7db41917d4e686cc4856944f53d5bdf83a6884432e12",
                "sha256:e27ad930a842b4c5eb8ac0016b0a54f5aebbe679340c26101df33424142c143c",
                "sha256:e537484df0d8f426ce2afb2d0f8e1c3d0b114b83f8850e5f2fbea0e797bd82ae",
                "sha256:eb00ed941194665c332bf8e078baf037d6c35d7c4f3102ea2d4f16ca94a26dc8",
                "sha256:eb6904c354526e758fda7167b33005998fb68c46fbc10e013ca97f21ca5c8887",
                "sha256:eb8821e09e916165e160797a6c17edda0679379a4be5c716c260e836e122f54b",
                "sha256:efcb3f6676480691518c177e3b465bcddf57cea040302f9f4e6e191af91174d4",
                "sha256:f27273b60488abe721a075bcca6d7f3964f9f6f067c8c4c605743023d7d3944f",
                "sha256:f30c3cb33b24454a82faecaf01b19c18562b1e89558fb6c56de4d9118a032fd5",
                "sha256:fb69256e180cb6c8a894fee62b3afebae785babc1ee98b81cdf68bbca1987f33",
                "sha256:fd1abc0d89e30cc4e02e4064dc67fcc51bd941eb395c502aac3ec19fab46b519",
                "sha256:ff8fa367d09b717b2a17a052544193ad76cd49979c805768879cb63d9ca50561"
            ],
            "markers": "python_version >= '3.7'",
            "version": "==3.3.2"
        },
        "coverage": {
            "extras": [
                "toml"
            ],
            "hashes": [
                "sha256:027018943386e7b942fa832372ebc120155fd970837489896099f5cfa2890f79",
                "sha256:11b990d520ea75e7ee8dcab5bc908072aaada194a794db9f6d7d5cfd19661e5a",
                "sha256:12adf310e4aafddc58afdb04d686795f33f4d7a6fa67a7a9d4ce7d6ae24d949f",
                "sha256:1431986dac3923c5945271f169f59c45b8802a114c8f548d611f2015133df77a",
                "sha256:1ef221513e6f68b69ee9e159506d583d31aa3567e0ae84eaad9d6ec1107dddaa",
                "sha256:20c8ac5386253717e5ccc827caad43ed66fea0efe255727b1053a8154d952398",
                "sha256:2198ea6fc548de52adc826f62cb18554caedfb1d26548c1b7c88d8f7faa8f6ba",
                "sha256:255758a1e3b61db372ec2736c8e2a1fdfaf563977eedbdf131de003ca5779b7d",
                "sha256:265de0fa6778d07de30bcf4d9dc471c3dc4314a23a3c6603d356a3c9abc2dfcf",
                "sha256:33a7da4376d5977fbf0a8ed91c4dffaaa8dbf0ddbf4c8eea500a2486d8bc4d7b",
                "sha256:42eafe6778551cf006a7c43153af1211c3aaab658d4d66fa5fcc021613d02518",
                "sha256:4433b90fae13f86fafff0b326453dd42fc9a639a0d9e4eec4d366436d1a41b6d",
                "sha256:4a5375e28c5191ac38cca59b38edd33ef4cc914732c916f2929029b4bfb50795",
                "sha256:4a8dbc1f0fbb2ae3de73eb0bdbb914180c7abfbf258e90b311dcd4f585d44bd2",
                "sha256:59f53f1dc5b656cafb1badd0feb428c1e7bc19b867479ff72f7a9dd9b479f10e",
                "sha256:5dbec3b9095749390c09ab7c89d314727f18800060d8d24e87f01fb9cfb40b32",
                "sha256:633713d70ad6bfc49b34ead4060531658dc6dfc9b3eb7d8a716d5873377ab745",
                "sha256:6b07130585d54fe8dff3d97b93b0e20290de974dc8177c320aeaf23459219c0b",
                "sha256:6c4459b3de97b75e3bd6b7d4b7f0db13f17f504f3d13e2a7c623786289dd670e",
                "sha256:6d4817234349a80dbf03640cec6109cd90cba068330703fa65ddf56b60223a6d",
                "sha256:723e8130d4ecc8f56e9a611e73b31219595baa3bb252d539206f7bbbab6ffc1f",
                "sha256:784f53ebc9f3fd0e2a3f6a78b2be1bd1f5575d7863e10c6e12504f240fd06660",
                "sha256:7b6be138d61e458e18d8e6ddcddd36dd96215edfe5f1168de0b1b32635839b62",
                "sha256:7ccf362abd726b0410bf8911c31fbf97f09f8f1061f8c1cf03dfc4b6372848f6",
                "sha256:83516205e254a0cb77d2d7bb3632ee019d93d9f4005de31dca0a8c3667d5bc04",
                "sha256:851cf4ff24062c6aec510a454b2584f6e998cada52d4cb58c5e233d07172e50c",
                "sha256:8f830ed581b45b82451a40faabb89c84e1a998124ee4212d440e9c6cf70083e5",
                "sha256:94e2565443291bd778421856bc975d351738963071e9b8839ca1fc08b42d4bef",
                "sha256:95203854f974e07af96358c0b261f1048d8e1083f2de9b1c565e1be4a3a48cfc",
                "sha256:97117225cdd992a9c2a5515db1f66b59db634f59d0679ca1fa3fe8da32749cae",
                "sha256:98e8a10b7a314f454d9eff4216a9a94d143a7ee65018dd12442e898ee2310578",
                "sha256:a1170fa54185845505fbfa672f1c1ab175446c887cce8212c44149581cf2d466",
                "sha256:a6b7d95969b8845250586f269e81e5dfdd8ff828ddeb8567a4a2eaa7313460c4",
                "sha256:a8fb6cf131ac4070c9c5a3e21de0f7dc5a0fbe8bc77c9456ced896c12fcdad91",
                "sha256:af4fffaffc4067232253715065e30c5a7ec6faac36f8fc8d6f64263b15f74db0",
                "sha256:b4a5be1748d538a710f87542f22c2cad22f80545a847ad91ce45e77417293eb4",
                "sha256:b5604380f3415ba69de87a289a2b56687faa4fe04dbee0754bfcae433489316b",
                "sha256:b9023e237f4c02ff739581ef35969c3739445fb059b060ca51771e69101efffe",
                "sha256:bc8ef5e043a2af066fa8cbfc6e708d58017024dc4345a1f9757b329a249f041b",
                "sha256:c4ed2820d919351f4167e52425e096af41bfabacb1857186c1ea32ff9983ed75",
                "sha256:cca4435eebea7962a52bdb216dec27215d0df64cf27fc1dd538415f5d2b9da6b",
                "sha256:d900bb429fdfd7f511f868cedd03a6bbb142f3f9118c09b99ef8dc9bf9643c3c",
                "sha256:d9ecf0829c6a62b9b573c7bb6d4dcd6ba8b6f80be9ba4fc7ed50bf4ac9aecd72",
                "sha256:dbdb91cd8c048c2b09eb17713b0c12a54fbd587d79adcebad543bc0cd9a3410b",
                "sha256:de3001a203182842a4630e7b8d1a2c7c07ec1b45d3084a83d5d227a3806f530f",
                "sha256:e07f4a4a9b41583d6eabec04f8b68076ab3cd44c20bd29332c6572dda36f372e",
                "sha256:ef8674b0ee8cc11e2d574e3e2998aea5df5ab242e012286824ea3c6970580e53",
                "sha256:f4f05d88d9a80ad3cac6244d36dd89a3c00abc16371769f1340101d3cb899fc3",
                "sha256:f642e90754ee3e06b0e7e51bce3379590e76b7f76b708e1a71ff043f87025c84",
                "sha256:fc2af30ed0d5ae0b1abdb4ebdce598eafd5b35397d4d75deb341a614d333d987"
            ],
            "index": "pypi",
            "markers": "python_version >= '3.7'",
            "version": "==6.5.0"
        },
        "coveralls": {
            "hashes": [
                "sha256:b32a8bb5d2df585207c119d6c01567b81fba690c9c10a753bfe27a335bfc43ea",
                "sha256:f42015f31d386b351d4226389b387ae173207058832fbf5c8ec4b40e27b16026"
            ],
            "index": "pypi",
            "version": "==3.3.1"
        },
        "docopt": {
            "hashes": [
                "sha256:49b3a825280bd66b3aa83585ef59c4a8c82f2c8a522dbe754a8bc8d08c85c491"
            ],
            "version": "==0.6.2"
        },
        "flake8": {
            "hashes": [
                "sha256:d5b3857f07c030bdb5bf41c7f53799571d75c4491748a3adcd47de929e34cd23",
                "sha256:ffdfce58ea94c6580c77888a86506937f9a1a227dfcd15f245d694ae20a6b6e5"
            ],
            "index": "pypi",
            "version": "==6.1.0"
        },
        "flake8-annotations": {
            "hashes": [
                "sha256:af78e3216ad800d7e144745ece6df706c81b3255290cbf870e54879d495e8ade",
                "sha256:ff37375e71e3b83f2a5a04d443c41e2c407de557a884f3300a7fa32f3c41cb0a"
            ],
            "index": "pypi",
            "version": "==3.0.1"
        },
        "flake8-bugbear": {
            "hashes": [
                "sha256:90cf04b19ca02a682feb5aac67cae8de742af70538590509941ab10ae8351f71",
                "sha256:b182cf96ea8f7a8595b2f87321d7d9b28728f4d9c3318012d896543d19742cb5"
            ],
            "index": "pypi",
            "version": "==23.9.16"
        },
        "flake8-docstrings": {
            "hashes": [
                "sha256:4c8cc748dc16e6869728699e5d0d685da9a10b0ea718e090b1ba088e67a941af",
                "sha256:51f2344026da083fc084166a9353f5082b01f72901df422f74b4d953ae88ac75"
            ],
            "index": "pypi",
            "version": "==1.7.0"
        },
        "flake8-import-order": {
            "hashes": [
                "sha256:82ed59f1083b629b030ee9d3928d9e06b6213eb196fe745b3a7d4af2168130df",
                "sha256:e23941f892da3e0c09d711babbb0c73bc735242e9b216b726616758a920d900e"
            ],
            "index": "pypi",
            "version": "==0.18.2"
        },
        "flake8-string-format": {
            "hashes": [
                "sha256:65f3da786a1461ef77fca3780b314edb2853c377f2e35069723348c8917deaa2",
                "sha256:812ff431f10576a74c89be4e85b8e075a705be39bc40c4b4278b5b13e2afa9af"
            ],
            "index": "pypi",
            "version": "==0.3.0"
        },
        "flake8-tidy-imports": {
            "hashes": [
                "sha256:b0387fb2ea200441bd142309e716fb7b8f4b0937bdf5f8b7c0c118a5f5e2b8ed",
                "sha256:bd6cf86465402d2b86903009b748d85a628e599e17b76e810c9857e3a2815173"
            ],
            "index": "pypi",
            "version": "==4.10.0"
        },
        "flake8-todo": {
            "hashes": [
                "sha256:6e4c5491ff838c06fe5a771b0e95ee15fc005ca57196011011280fc834a85915"
            ],
            "index": "pypi",
            "version": "==0.7"
        },
        "idna": {
            "hashes": [
                "sha256:9ecdbbd083b06798ae1e86adcbfe8ab1479cf864e4ee30fe4e46a003d12491ca",
                "sha256:c05567e9c24a6b9faaa835c4821bad0590fbb9d5779e7caa6e1cc4978e7eb24f"
            ],
            "markers": "python_version >= '3.5'",
            "version": "==3.6"
        },
        "mccabe": {
            "hashes": [
                "sha256:348e0240c33b60bbdf4e523192ef919f28cb2c3d7d5c7794f74009290f236325",
                "sha256:6c2d30ab6be0e4a46919781807b4f0d834ebdd6c6e3dca0bda5a15f863427b6e"
            ],
            "markers": "python_version >= '3.6'",
            "version": "==0.7.0"
        },
        "pep8-naming": {
            "hashes": [
                "sha256:1705f046dfcd851378aac3be1cd1551c7c1e5ff363bacad707d43007877fa971",
                "sha256:1a86b8c71a03337c97181917e2b472f0f5e4ccb06844a0d6f0a33522549e7a80"
            ],
            "index": "pypi",
            "version": "==0.13.3"
        },
        "pycodestyle": {
            "hashes": [
                "sha256:41ba0e7afc9752dfb53ced5489e89f8186be00e599e712660695b7a75ff2663f",
                "sha256:44fe31000b2d866f2e41841b18528a505fbd7fef9017b04eff4e2648a0fadc67"
            ],
            "markers": "python_version >= '3.8'",
            "version": "==2.11.1"
        },
        "pydocstyle": {
            "hashes": [
                "sha256:118762d452a49d6b05e194ef344a55822987a462831ade91ec5c06fd2169d019",
                "sha256:7ce43f0c0ac87b07494eb9c0b462c0b73e6ff276807f204d6b53edc72b7e44e1"
            ],
            "markers": "python_version >= '3.6'",
            "version": "==6.3.0"
        },
        "pyflakes": {
            "hashes": [
                "sha256:4132f6d49cb4dae6819e5379898f2b8cce3c5f23994194c24b77d5da2e36f774",
                "sha256:a0aae034c444db0071aa077972ba4768d40c830d9539fd45bf4cd3f8f6992efc"
            ],
            "markers": "python_version >= '3.8'",
            "version": "==3.1.0"
        },
        "python-dateutil": {
            "hashes": [
                "sha256:0123cacc1627ae19ddf3c27a5de5bd67ee4586fbdd6440d9748f8abb483d3e86",
                "sha256:961d03dc3453ebbc59dbdea9e4e11c5651520a876d0f4db161e8674aae935da9"
            ],
            "markers": "python_version >= '2.7' and python_version not in '3.0, 3.1, 3.2, 3.3'",
            "version": "==2.8.2"
        },
        "requests": {
            "hashes": [
                "sha256:58cd2187c01e70e6e26505bca751777aa9f2ee0b7f4300988b709f44e013003f",
                "sha256:942c5a758f98d790eaed1a29cb6eefc7ffb0d1cf7af05c3d2791656dbd6ad1e1"
            ],
            "markers": "python_version >= '3.7'",
            "version": "==2.31.0"
        },
        "setuptools": {
            "hashes": [
                "sha256:1e8fdff6797d3865f37397be788a4e3cba233608e9b509382a2777d25ebde7f2",
                "sha256:735896e78a4742605974de002ac60562d286fa8051a7e2299445e8e8fbb01aa6"
            ],
            "markers": "python_version >= '3.8'",
            "version": "==69.0.2"
        },
        "six": {
            "hashes": [
                "sha256:1e61c37477a1626458e36f7b1d82aa5c9b094fa4802892072e49de9c60c4c926",
                "sha256:8abb2f1d86890a2dfb989f9a77cfcfd3e47c2a354b01111771326f8aa26e0254"
            ],
            "markers": "python_version >= '2.7' and python_version not in '3.0, 3.1, 3.2, 3.3'",
            "version": "==1.16.0"
        },
        "snowballstemmer": {
            "hashes": [
                "sha256:09b16deb8547d3412ad7b590689584cd0fe25ec8db3be37788be3810cbf19cb1",
                "sha256:c8e1716e83cc398ae16824e5572ae04e0d9fc2c6b985fb0f900f5f0c96ecba1a"
            ],
            "version": "==2.2.0"
        },
        "time-machine": {
            "hashes": [
                "sha256:02b33a8c19768c94f7ffd6aa6f9f64818e88afce23250016b28583929d20fb12",
                "sha256:0c9829b2edfcf6b5d72a6ff330d4380f36a937088314c675531b43d3423dd8af",
                "sha256:0cc116056a8a2a917a4eec85661dfadd411e0d8faae604ef6a0e19fe5cd57ef1",
                "sha256:0db97f92be3efe0ac62fd3f933c91a78438cef13f283b6dfc2ee11123bfd7d8a",
                "sha256:12eed2e9171c85b703d75c985dab2ecad4fe7025b7d2f842596fce1576238ece",
                "sha256:1812e48c6c58707db9988445a219a908a710ea065b2cc808d9a50636291f27d4",
                "sha256:19a3b10161c91ca8e0fd79348665cca711fd2eac6ce336ff9e6b447783817f93",
                "sha256:1a22be4df364f49a507af4ac9ea38108a0105f39da3f9c60dce62d6c6ea4ccdc",
                "sha256:1ac8ff145c63cd0dcfd9590fe694b5269aacbc130298dc7209b095d101f8cdde",
                "sha256:20205422fcf2caf9a7488394587df86e5b54fdb315c1152094fbb63eec4e9304",
                "sha256:21bef5854d49b62e2c33848b5c3e8acf22a3b46af803ef6ff19529949cb7cf9f",
                "sha256:2bd4169b808745d219a69094b3cb86006938d45e7293249694e6b7366225a186",
                "sha256:2dc76ee55a7d915a55960a726ceaca7b9097f67e4b4e681ef89871bcf98f00be",
                "sha256:32b71e50b07f86916ac04bd1eefc2bd2c93706b81393748b08394509ee6585dc",
                "sha256:34dcdbbd25c1e124e17fe58050452960fd16a11f9d3476aaa87260e28ecca0fd",
                "sha256:3a7a0a49ce50d9c306c4343a7d6a3baa11092d4399a4af4355c615ccc321a9d3",
                "sha256:3c87856105dcb25b5bbff031d99f06ef4d1c8380d096222e1bc63b496b5258e6",
                "sha256:42ef5349135626ad6cd889a0a81400137e5c6928502b0817ea9e90bb10702000",
                "sha256:4ca20f85a973a4ca8b00cf466cd72c27ccc72372549b138fd48d7e70e5a190ab",
                "sha256:4e3a2611f8788608ebbcb060a5e36b45911bc3b8adc421b1dc29d2c81786ce4d",
                "sha256:4f2ae8d0e359b216b695f1e7e7256f208c390db0480601a439c5dd1e1e4e16ce",
                "sha256:5aee23cd046abf9caeddc982113e81ba9097a01f3972e9560f5ed64e3495f66d",
                "sha256:5c6245db573863b335d9ca64b3230f623caf0988594ae554c0c794e7f80e3e66",
                "sha256:5f87787d562e42bf1006a87eb689814105b98c4d5545874a281280d0f8b9a2d9",
                "sha256:5fe3fda5fa73fec74278912e438fce1612a79c36fd0cc323ea3dc2d5ce629f31",
                "sha256:62fd14a80b8b71726e07018628daaee0a2e00937625083f96f69ed6b8e3304c0",
                "sha256:66fb3877014dca0b9286b0f06fa74062357bd23f2d9d102d10e31e0f8fa9b324",
                "sha256:679cbf9b15bfde1654cf48124128d3fbe52f821fa158a98fcee5fe7e05db1917",
                "sha256:67fa45cd813821e4f5bec0ac0820869e8e37430b15509d3f5fad74ba34b53852",
                "sha256:685d98593f13649ad5e7ce3e58efe689feca1badcf618ba397d3ab877ee59326",
                "sha256:6c16d90a597a8c2d3ce22d6be2eb3e3f14786974c11b01886e51b3cf0d5edaf7",
                "sha256:71acbc1febbe87532c7355eca3308c073d6e502ee4ce272b5028967847c8e063",
                "sha256:7558622a62243be866a7e7c41da48eacd82c874b015ecf67d18ebf65ca3f7436",
                "sha256:7693704c0f2f6b9beed912ff609781edf5fcf5d63aff30c92be4093e09d94b8e",
                "sha256:88601de1da06c7cab3d5ed3d5c3801ef683366e769e829e96383fdab6ae2fe42",
                "sha256:8d526cdcaca06a496877cfe61cc6608df2c3a6fce210e076761964ebac7f77cc",
                "sha256:918f8389de29b4f41317d121f1150176fae2cdb5fa41f68b2aee0b9dc88df5c3",
                "sha256:924377d398b1c48e519ad86a71903f9f36117f69e68242c99fb762a2465f5ad2",
                "sha256:9f128db8997c3339f04f7f3946dd9bb2a83d15e0a40d35529774da1e9e501511",
                "sha256:9fad549521c4c13bdb1e889b2855a86ec835780d534ffd8f091c2647863243be",
                "sha256:a26bdf3462d5f12a4c1009fdbe54366c6ef22c7b6f6808705b51dedaaeba8296",
                "sha256:ab04cf4e56e1ee65bee2adaa26a04695e92eb1ed1ccc65fbdafd0d114399595a",
                "sha256:b0c8f24ae611a58782773af34dd356f1f26756272c04be2be7ea73b47e5da37d",
                "sha256:bdfe4a7f033e6783c3e9a7f8d8fc0b115367330762e00a03ff35fedf663994f3",
                "sha256:c23b2408e3adcedec84ea1131e238f0124a5bc0e491f60d1137ad7239b37c01a",
                "sha256:ccbce292380ebf63fb9a52e6b03d91677f6a003e0c11f77473efe3913a75f289",
                "sha256:cfef4ebfb4f055ce3ebc7b6c1c4d0dbfcffdca0e783ad8c6986c992915a57ed3",
                "sha256:d4a2d3db2c3b8e519d5ef436cd405abd33542a7b7761fb05ef5a5f782a8ce0b1",
                "sha256:dabb3b155819811b4602f7e9be936e2024e20dc99a90f103e36b45768badf9c3",
                "sha256:de01f33aa53da37530ad97dcd17e9affa25a8df4ab822506bb08101bab0c2673",
                "sha256:dec0ec2135a4e2a59623e40c31d6e8a8ae73305ade2634380e4263d815855750",
                "sha256:e433827eccd6700a34a2ab28fd9361ff6e4d4923f718d2d1dac6d1dcd9d54da6",
                "sha256:e58d82fe0e59d6e096ada3281d647a2e7420f7da5453b433b43880e1c2e8e0c5",
                "sha256:e9935aff447f5400a2665ab10ed2da972591713080e1befe1bb8954e7c0c7806",
                "sha256:e9a9d150e098be3daee5c9f10859ab1bd14a61abebaed86e6d71f7f18c05b9d7",
                "sha256:f5fa9610f7e73fff42806a2ed8b06d862aa59ce4d178a52181771d6939c3e237"
            ],
            "index": "pypi",
            "version": "==2.13.0"
        },
        "tomli": {
            "hashes": [
                "sha256:939de3e7a6161af0c887ef91b7d41a53e7c5a1ca976325f429cb46ea9bc30ecc",
                "sha256:de526c12914f0c550d15924c62d72abc48d6fe7364aa87328337a31007fe8a4f"
            ],
            "version": "==2.0.1"
        },
        "urllib3": {
            "hashes": [
                "sha256:55901e917a5896a349ff771be919f8bd99aff50b79fe58fec595eb37bbc56bb3",
                "sha256:df7aa8afb0148fa78488e7899b2c59b5f4ffcfa82e6c54ccb9dd37c1d7b52d54"
            ],
            "markers": "python_version >= '3.8'",
            "version": "==2.1.0"
        }
    }
}
