{
    "_meta": {
        "hash": {
            "sha256": "8ae1ce2107e781d69e3f18bd7b99f96c17f7cbd67de5a9890ff1f35a8c0b95b8"
        },
        "pipfile-spec": 6,
        "requires": {
            "python_version": "3.8"
        },
        "sources": [
            {
                "name": "pypi",
                "url": "https://pypi.org/simple",
                "verify_ssl": true
            }
        ]
    },
    "default": {
        "aioredis": {
            "hashes": [
                "sha256:15f8af30b044c771aee6787e5ec24694c048184c7b9e54c3b60c750a4b93273a",
                "sha256:b61808d7e97b7cd5a92ed574937a079c9387fdadd22bfbfa7ad2fd319ecc26e3"
            ],
            "index": "pypi",
            "version": "==1.3.1"
        },
        "async-timeout": {
            "hashes": [
                "sha256:0c3c816a028d47f659d6ff5c745cb2acf1f966da1fe5c19c77a70282b25f4c5f",
                "sha256:4291ca197d287d274d0b6cb5d6f8f8f82d434ed288f962539ff18cc9012f9ea3"
            ],
            "markers": "python_full_version >= '3.5.3'",
            "version": "==3.0.1"
        },
        "fakeredis": {
            "extras": [
                "lua"
            ],
            "hashes": [
                "sha256:01cb47d2286825a171fb49c0e445b1fa9307087e07cbb3d027ea10dbff108b6a",
                "sha256:2c6041cf0225889bc403f3949838b2c53470a95a9e2d4272422937786f5f8f73"
            ],
            "index": "pypi",
            "markers": "python_version >= '3.5'",
            "version": "==1.4.5"
        },
        "hiredis": {
            "hashes": [
                "sha256:06a039208f83744a702279b894c8cf24c14fd63c59cd917dcde168b79eef0680",
                "sha256:0a909bf501459062aa1552be1461456518f367379fdc9fdb1f2ca5e4a1fdd7c0",
                "sha256:18402d9e54fb278cb9a8c638df6f1550aca36a009d47ecf5aa263a38600f35b0",
                "sha256:1e4cbbc3858ec7e680006e5ca590d89a5e083235988f26a004acf7244389ac01",
                "sha256:23344e3c2177baf6975fbfa361ed92eb7d36d08f454636e5054b3faa7c2aff8a",
                "sha256:289b31885b4996ce04cadfd5fc03d034dce8e2a8234479f7c9e23b9e245db06b",
                "sha256:2c1c570ae7bf1bab304f29427e2475fe1856814312c4a1cf1cd0ee133f07a3c6",
                "sha256:2c227c0ed371771ffda256034427320870e8ea2e4fd0c0a618c766e7c49aad73",
                "sha256:3bb9b63d319402cead8bbd9dd55dca3b667d2997e9a0d8a1f9b6cc274db4baee",
                "sha256:3ef2183de67b59930d2db8b8e8d4d58e00a50fcc5e92f4f678f6eed7a1c72d55",
                "sha256:43b8ed3dbfd9171e44c554cb4acf4ee4505caa84c5e341858b50ea27dd2b6e12",
                "sha256:47bcf3c5e6c1e87ceb86cdda2ee983fa0fe56a999e6185099b3c93a223f2fa9b",
                "sha256:5263db1e2e1e8ae30500cdd75a979ff99dcc184201e6b4b820d0de74834d2323",
                "sha256:5b1451727f02e7acbdf6aae4e06d75f66ee82966ff9114550381c3271a90f56c",
                "sha256:6996883a8a6ff9117cbb3d6f5b0dcbbae6fb9e31e1a3e4e2f95e0214d9a1c655",
                "sha256:6c96f64a54f030366657a54bb90b3093afc9c16c8e0dfa29fc0d6dbe169103a5",
                "sha256:7332d5c3e35154cd234fd79573736ddcf7a0ade7a986db35b6196b9171493e75",
                "sha256:7885b6f32c4a898e825bb7f56f36a02781ac4a951c63e4169f0afcf9c8c30dfb",
                "sha256:7b0f63f10a166583ab744a58baad04e0f52cfea1ac27bfa1b0c21a48d1003c23",
                "sha256:819f95d4eba3f9e484dd115ab7ab72845cf766b84286a00d4ecf76d33f1edca1",
                "sha256:8968eeaa4d37a38f8ca1f9dbe53526b69628edc9c42229a5b2f56d98bb828c1f",
                "sha256:89ebf69cb19a33d625db72d2ac589d26e936b8f7628531269accf4a3196e7872",
                "sha256:8daecd778c1da45b8bd54fd41ffcd471a86beed3d8e57a43acf7a8d63bba4058",
                "sha256:955ba8ea73cf3ed8bd2f963b4cb9f8f0dcb27becd2f4b3dd536fd24c45533454",
                "sha256:964f18a59f5a64c0170f684c417f4fe3e695a536612e13074c4dd5d1c6d7c882",
                "sha256:969843fbdfbf56cdb71da6f0bdf50f9985b8b8aeb630102945306cf10a9c6af2",
                "sha256:996021ef33e0f50b97ff2d6b5f422a0fe5577de21a8873b58a779a5ddd1c3132",
                "sha256:9e9c9078a7ce07e6fce366bd818be89365a35d2e4b163268f0ca9ba7e13bb2f6",
                "sha256:a04901757cb0fb0f5602ac11dda48f5510f94372144d06c2563ba56c480b467c",
                "sha256:a7bf1492429f18d205f3a818da3ff1f242f60aa59006e53dee00b4ef592a3363",
                "sha256:aa0af2deb166a5e26e0d554b824605e660039b161e37ed4f01b8d04beec184f3",
                "sha256:abfb15a6a7822f0fae681785cb38860e7a2cb1616a708d53df557b3d76c5bfd4",
                "sha256:b253fe4df2afea4dfa6b1fa8c5fef212aff8bcaaeb4207e81eed05cb5e4a7919",
                "sha256:b27f082f47d23cffc4cf1388b84fdc45c4ef6015f906cd7e0d988d9e35d36349",
                "sha256:b33aea449e7f46738811fbc6f0b3177c6777a572207412bbbf6f525ffed001ae",
                "sha256:b44f9421c4505c548435244d74037618f452844c5d3c67719d8a55e2613549da",
                "sha256:bcc371151d1512201d0214c36c0c150b1dc64f19c2b1a8c9cb1d7c7c15ebd93f",
                "sha256:c2851deeabd96d3f6283e9c6b26e0bfed4de2dc6fb15edf913e78b79fc5909ed",
                "sha256:cdfd501c7ac5b198c15df800a3a34c38345f5182e5f80770caf362bccca65628",
                "sha256:d2c0caffa47606d6d7c8af94ba42547bd2a441f06c74fd90a1ffe328524a6c64",
                "sha256:dcb2db95e629962db5a355047fb8aefb012df6c8ae608930d391619dbd96fd86",
                "sha256:e0eeb9c112fec2031927a1745788a181d0eecbacbed941fc5c4f7bc3f7b273bf",
                "sha256:e154891263306200260d7f3051982774d7b9ef35af3509d5adbbe539afd2610c",
                "sha256:e2e023a42dcbab8ed31f97c2bcdb980b7fbe0ada34037d87ba9d799664b58ded",
                "sha256:e64be68255234bb489a574c4f2f8df7029c98c81ec4d160d6cd836e7f0679390",
                "sha256:e82d6b930e02e80e5109b678c663a9ed210680ded81c1abaf54635d88d1da298"
            ],
            "markers": "python_version >= '2.7' and python_version not in '3.0, 3.1, 3.2, 3.3'",
            "version": "==1.1.0"
        },
        "lupa": {
            "hashes": [
                "sha256:09d6c45eb3b9407588c5a168e3371b629e75c5822050e9feff393601709bd0d7",
                "sha256:162f6793b2ad40d25710b9998bce2eeb3938efbb4dbad49fb8c5082d214237b3",
                "sha256:2551ae82ea0f90383fb153ecd29a1a166e2552e10b7a712ff047cad88062ad37",
                "sha256:42285855c022b36ed3f0c5d19d0ef27b1648e0683838cddaf9191acad4d6616c",
                "sha256:42fcd8f7b33b84abce90c57aaeb80d9a2ba3c3fdb4cde2fac1c8f9e4eb00d581",
                "sha256:49afbeaf90c758512d3c0dea48ac0ecfa460974690cf1af58b95845e6b607c4b",
                "sha256:4badf4180f8fd28e032e8716422b7a0117879569e694b5e2e803a7e39fa85213",
                "sha256:517b96b23b4ce19feb54ee93d8c3b94f601a3d46cd1d570ecc5137fc7b9cb68c",
                "sha256:5e08a97a4ae46592f1fd04f2f97d9fdeb6a34dbcdc0a049e1ca5929e6902c558",
                "sha256:632e7a101c288e05b823c2bae71ac69e0253e7f4120bc39b5dc1fcaf5daba0fb",
                "sha256:6d65bdc251cd12b85487a1790ca1b282288be84555fe11fbe8b4357ae64708f5",
                "sha256:7619fbd85d9ece1d48fb72bb7389e98d878621d2da0b7622c99066671f294b65",
                "sha256:7df1f565b92f124e45093dde8d262489a67f40eddd7a65035e6bc3b982be234f",
                "sha256:8434fdda16d101c458570d21baf9cd064304b515ed4ef9569949222ba04c3e37",
                "sha256:9823322e60b0d9695754e28f5a17323d111d6951933e958cfe72df9523a39e94",
                "sha256:9ee2aa3e1e852a2917c5869e8ab69d725407a218d14c4c0c98f4b04b3b2a73a7",
                "sha256:a3e11d806ca02cf72e490ec1974f8b96a14a1091895c9dccebe0b8d52dd82e8e",
                "sha256:a690b0bafb7e50dd8ba14a06065059b11f5c8e5961564d5d45de2d9b4a9972b1",
                "sha256:a7d7761b007fbf8b524291ac42bccc32b072102e7f7e547783a5a5ded66a0c39",
                "sha256:abb357c35ad1c1b78b140c8cf1fd678bcaa04bab275c6d55e47a07717138e551",
                "sha256:ac7585125af7d7214e1f9dbdda965d7455c5065f71be20374c7900e01c74c05f",
                "sha256:acaecd88ce6b708fbaf20b76b4d35ecb2817159f8a939b0a73d2aa840dfef850",
                "sha256:ba879849832b87c18dbc471bffc62ff3393b2034a3b103348d620646575f448a",
                "sha256:c57cda6ba3dc55ddd8b6c566c4f315d6152307aee23f212aa06c5e653cde4f13",
                "sha256:d3cf15d0c1126373535452bdeb71b016fe970d7e5ee2bc0381df7bd35f99c820",
                "sha256:d497f4727060a1daf8603e86cb731f587c38ab9a3451cd3c9c70f27859cbd3bd",
                "sha256:fe1db400b471a0854fe364b63d7836973ee0d897a76628340d1721b6b4b89ddc"
            ],
            "version": "==1.9"
        },
        "redis": {
            "hashes": [
                "sha256:0e7e0cfca8660dea8b7d5cd8c4f6c5e29e11f31158c0b0ae91a397f00e5a05a2",
                "sha256:432b788c4530cfe16d8d943a09d40ca6c16149727e4afe8c2c9d5580c59d9f24"
            ],
            "markers": "python_version >= '2.7' and python_version not in '3.0, 3.1, 3.2, 3.3, 3.4'",
            "version": "==3.5.3"
        },
        "six": {
            "hashes": [
                "sha256:30639c035cdb23534cd4aa2dd52c3bf48f06e5f4a941509c8bafd8ce11080259",
                "sha256:8b74bedcbbbaca38ff6d7491d76f2b06b3592611af620f8426e82dddb04a5ced"
            ],
            "markers": "python_version >= '2.7' and python_version not in '3.0, 3.1, 3.2, 3.3'",
            "version": "==1.15.0"
        },
        "sortedcontainers": {
            "hashes": [
                "sha256:37257a32add0a3ee490bb170b599e93095eed89a55da91fa9f48753ea12fd73f",
                "sha256:59cc937650cf60d677c16775597c89a960658a09cf7c1a668f86e1e4464b10a1"
            ],
            "version": "==2.3.0"
        }
    },
    "develop": {
        "attrs": {
            "hashes": [
                "sha256:31b2eced602aa8423c2aea9c76a724617ed67cf9513173fd3a4f03e3a929c7e6",
                "sha256:832aa3cde19744e49938b91fea06d69ecb9e649c93ba974535d08ad92164f700"
            ],
            "markers": "python_version >= '2.7' and python_version not in '3.0, 3.1, 3.2, 3.3'",
            "version": "==20.3.0"
        },
        "certifi": {
            "hashes": [
                "sha256:1a4995114262bffbc2413b159f2a1a480c969de6e6eb13ee966d470af86af59c",
                "sha256:719a74fb9e33b9bd44cc7f3a8d94bc35e4049deebe19ba7d8e108280cfd59830"
            ],
            "version": "==2020.12.5"
        },
        "chardet": {
            "hashes": [
                "sha256:0d6f53a15db4120f2b08c94f11e7d93d2c911ee118b6b30a04ec3ee8310179fa",
                "sha256:f864054d66fd9118f2e67044ac8981a54775ec5b67aed0441892edb553d21da5"
            ],
            "markers": "python_version >= '2.7' and python_version not in '3.0, 3.1, 3.2, 3.3, 3.4'",
            "version": "==4.0.0"
        },
        "coverage": {
            "hashes": [
                "sha256:0203acd33d2298e19b57451ebb0bed0ab0c602e5cf5a818591b4918b1f97d516",
                "sha256:0f313707cdecd5cd3e217fc68c78a960b616604b559e9ea60cc16795c4304259",
                "sha256:1c6703094c81fa55b816f5ae542c6ffc625fec769f22b053adb42ad712d086c9",
                "sha256:1d44bb3a652fed01f1f2c10d5477956116e9b391320c94d36c6bf13b088a1097",
                "sha256:280baa8ec489c4f542f8940f9c4c2181f0306a8ee1a54eceba071a449fb870a0",
                "sha256:29a6272fec10623fcbe158fdf9abc7a5fa032048ac1d8631f14b50fbfc10d17f",
                "sha256:2b31f46bf7b31e6aa690d4c7a3d51bb262438c6dcb0d528adde446531d0d3bb7",
                "sha256:2d43af2be93ffbad25dd959899b5b809618a496926146ce98ee0b23683f8c51c",
                "sha256:381ead10b9b9af5f64646cd27107fb27b614ee7040bb1226f9c07ba96625cbb5",
                "sha256:47a11bdbd8ada9b7ee628596f9d97fbd3851bd9999d398e9436bd67376dbece7",
                "sha256:4d6a42744139a7fa5b46a264874a781e8694bb32f1d76d8137b68138686f1729",
                "sha256:50691e744714856f03a86df3e2bff847c2acede4c191f9a1da38f088df342978",
                "sha256:530cc8aaf11cc2ac7430f3614b04645662ef20c348dce4167c22d99bec3480e9",
                "sha256:582ddfbe712025448206a5bc45855d16c2e491c2dd102ee9a2841418ac1c629f",
                "sha256:63808c30b41f3bbf65e29f7280bf793c79f54fb807057de7e5238ffc7cc4d7b9",
                "sha256:71b69bd716698fa62cd97137d6f2fdf49f534decb23a2c6fc80813e8b7be6822",
                "sha256:7858847f2d84bf6e64c7f66498e851c54de8ea06a6f96a32a1d192d846734418",
                "sha256:78e93cc3571fd928a39c0b26767c986188a4118edc67bc0695bc7a284da22e82",
                "sha256:7f43286f13d91a34fadf61ae252a51a130223c52bfefb50310d5b2deb062cf0f",
                "sha256:86e9f8cd4b0cdd57b4ae71a9c186717daa4c5a99f3238a8723f416256e0b064d",
                "sha256:8f264ba2701b8c9f815b272ad568d555ef98dfe1576802ab3149c3629a9f2221",
                "sha256:9342dd70a1e151684727c9c91ea003b2fb33523bf19385d4554f7897ca0141d4",
                "sha256:9361de40701666b034c59ad9e317bae95c973b9ff92513dd0eced11c6adf2e21",
                "sha256:9669179786254a2e7e57f0ecf224e978471491d660aaca833f845b72a2df3709",
                "sha256:aac1ba0a253e17889550ddb1b60a2063f7474155465577caa2a3b131224cfd54",
                "sha256:aef72eae10b5e3116bac6957de1df4d75909fc76d1499a53fb6387434b6bcd8d",
                "sha256:bd3166bb3b111e76a4f8e2980fa1addf2920a4ca9b2b8ca36a3bc3dedc618270",
                "sha256:c1b78fb9700fc961f53386ad2fd86d87091e06ede5d118b8a50dea285a071c24",
                "sha256:c3888a051226e676e383de03bf49eb633cd39fc829516e5334e69b8d81aae751",
                "sha256:c5f17ad25d2c1286436761b462e22b5020d83316f8e8fcb5deb2b3151f8f1d3a",
                "sha256:c851b35fc078389bc16b915a0a7c1d5923e12e2c5aeec58c52f4aa8085ac8237",
                "sha256:cb7df71de0af56000115eafd000b867d1261f786b5eebd88a0ca6360cccfaca7",
                "sha256:cedb2f9e1f990918ea061f28a0f0077a07702e3819602d3507e2ff98c8d20636",
                "sha256:e8caf961e1b1a945db76f1b5fa9c91498d15f545ac0ababbe575cfab185d3bd8"
            ],
            "index": "pypi",
            "version": "==5.3"
        },
        "coveralls": {
            "hashes": [
                "sha256:2301a19500b06649d2ec4f2858f9c69638d7699a4c63027c5d53daba666147cc",
                "sha256:b990ba1f7bc4288e63340be0433698c1efe8217f78c689d254c2540af3d38617"
            ],
            "index": "pypi",
            "version": "==2.2.0"
        },
        "docopt": {
            "hashes": [
                "sha256:49b3a825280bd66b3aa83585ef59c4a8c82f2c8a522dbe754a8bc8d08c85c491"
            ],
            "version": "==0.6.2"
        },
        "flake8": {
            "hashes": [
                "sha256:749dbbd6bfd0cf1318af27bf97a14e28e5ff548ef8e5b1566ccfb25a11e7c839",
                "sha256:aadae8761ec651813c24be05c6f7b4680857ef6afaae4651a4eccaef97ce6c3b"
            ],
            "index": "pypi",
            "version": "==3.8.4"
        },
        "flake8-annotations": {
            "hashes": [
                "sha256:0bcebb0792f1f96d617ded674dca7bf64181870bfe5dace353a1483551f8e5f1",
                "sha256:bebd11a850f6987a943ce8cdff4159767e0f5f89b3c88aca64680c2175ee02df"
            ],
            "index": "pypi",
            "version": "==2.4.1"
        },
        "flake8-bugbear": {
            "hashes": [
                "sha256:a3ddc03ec28ba2296fc6f89444d1c946a6b76460f859795b35b77d4920a51b63",
                "sha256:bd02e4b009fb153fe6072c31c52aeab5b133d508095befb2ffcf3b41c4823162"
            ],
            "index": "pypi",
            "version": "==20.1.4"
        },
        "flake8-docstrings": {
            "hashes": [
                "sha256:3d5a31c7ec6b7367ea6506a87ec293b94a0a46c0bce2bb4975b7f1d09b6f3717",
                "sha256:a256ba91bc52307bef1de59e2a009c3cf61c3d0952dbe035d6ff7208940c2edc"
            ],
            "index": "pypi",
            "version": "==1.5.0"
        },
        "flake8-import-order": {
            "hashes": [
                "sha256:90a80e46886259b9c396b578d75c749801a41ee969a235e163cfe1be7afd2543",
                "sha256:a28dc39545ea4606c1ac3c24e9d05c849c6e5444a50fb7e9cdd430fc94de6e92"
            ],
            "index": "pypi",
            "version": "==0.18.1"
        },
        "flake8-polyfill": {
            "hashes": [
                "sha256:12be6a34ee3ab795b19ca73505e7b55826d5f6ad7230d31b18e106400169b9e9",
                "sha256:e44b087597f6da52ec6393a709e7108b2905317d0c0b744cdca6208e670d8eda"
            ],
            "version": "==1.0.2"
        },
        "flake8-string-format": {
            "hashes": [
                "sha256:65f3da786a1461ef77fca3780b314edb2853c377f2e35069723348c8917deaa2",
                "sha256:812ff431f10576a74c89be4e85b8e075a705be39bc40c4b4278b5b13e2afa9af"
            ],
            "index": "pypi",
            "version": "==0.3.0"
        },
        "flake8-tidy-imports": {
            "hashes": [
                "sha256:62059ca07d8a4926b561d392cbab7f09ee042350214a25cf12823384a45d27dd",
                "sha256:c30b40337a2e6802ba3bb611c26611154a27e94c53fc45639e3e282169574fd3"
            ],
            "index": "pypi",
            "version": "==4.1.0"
        },
        "flake8-todo": {
            "hashes": [
                "sha256:6e4c5491ff838c06fe5a771b0e95ee15fc005ca57196011011280fc834a85915"
            ],
            "index": "pypi",
            "version": "==0.7"
        },
        "idna": {
            "hashes": [
                "sha256:b307872f855b18632ce0c21c5e45be78c0ea7ae4c15c828c20788b26921eb3f6",
                "sha256:b97d804b1e9b523befed77c48dacec60e6dcb0b5391d57af6a65a312a90648c0"
            ],
            "markers": "python_version >= '2.7' and python_version not in '3.0, 3.1, 3.2, 3.3'",
            "version": "==2.10"
        },
        "mccabe": {
            "hashes": [
                "sha256:ab8a6258860da4b6677da4bd2fe5dc2c659cff31b3ee4f7f5d64e79735b80d42",
                "sha256:dd8d182285a0fe56bace7f45b5e7d1a6ebcbf524e8f3bd87eb0f125271b8831f"
            ],
            "version": "==0.6.1"
        },
        "pep8-naming": {
            "hashes": [
                "sha256:a1dd47dd243adfe8a83616e27cf03164960b507530f155db94e10b36a6cd6724",
                "sha256:f43bfe3eea7e0d73e8b5d07d6407ab47f2476ccaeff6937c84275cd30b016738"
            ],
            "index": "pypi",
            "version": "==0.11.1"
        },
        "pycodestyle": {
            "hashes": [
                "sha256:2295e7b2f6b5bd100585ebcb1f616591b652db8a741695b3d8f5d28bdc934367",
                "sha256:c58a7d2815e0e8d7972bf1803331fb0152f867bd89adf8a01dfd55085434192e"
            ],
            "markers": "python_version >= '2.7' and python_version not in '3.0, 3.1, 3.2, 3.3'",
            "version": "==2.6.0"
        },
        "pydocstyle": {
            "hashes": [
                "sha256:19b86fa8617ed916776a11cd8bc0197e5b9856d5433b777f51a3defe13075325",
                "sha256:aca749e190a01726a4fb472dd4ef23b5c9da7b9205c0a7857c06533de13fd678"
            ],
            "markers": "python_version >= '3.5'",
            "version": "==5.1.1"
        },
        "pyflakes": {
            "hashes": [
                "sha256:0d94e0e05a19e57a99444b6ddcf9a6eb2e5c68d3ca1e98e90707af8152c90a92",
                "sha256:35b2d75ee967ea93b55750aa9edbbf72813e06a66ba54438df2cfac9e3c27fc8"
            ],
            "markers": "python_version >= '2.7' and python_version not in '3.0, 3.1, 3.2, 3.3'",
            "version": "==2.2.0"
        },
        "requests": {
            "hashes": [
                "sha256:27973dd4a904a4f13b263a19c866c13b92a39ed1c964655f025f3f8d3d75b804",
                "sha256:c210084e36a42ae6b9219e00e48287def368a26d03a048ddad7bfee44f75871e"
            ],
            "markers": "python_version >= '2.7' and python_version not in '3.0, 3.1, 3.2, 3.3, 3.4'",
            "version": "==2.25.1"
        },
        "snowballstemmer": {
            "hashes": [
                "sha256:209f257d7533fdb3cb73bdbd24f436239ca3b2fa67d56f6ff88e86be08cc5ef0",
                "sha256:df3bac3df4c2c01363f3dd2cfa78cce2840a79b9f1c2d2de9ce8d31683992f52"
            ],
            "version": "==2.0.0"
        },
        "urllib3": {
            "hashes": [
                "sha256:19188f96923873c92ccb987120ec4acaa12f0461fa9ce5d3d0772bc965a39e08",
                "sha256:d8ff90d979214d7b4f8ce956e80f4028fc6860e4431f731ea4a8c08f23f99473"
            ],
            "markers": "python_version >= '2.7' and python_version not in '3.0, 3.1, 3.2, 3.3, 3.4' and python_version < '4'",
            "version": "==1.26.2"
        }
    }
}
